
Microsoft Visual Studio Solution File, Format Version 12.00
# Visual Studio 15
VisualStudioVersion = 15.0.27130.0
MinimumVisualStudioVersion = 10.0.40219.1
Project("{FAE04EC0-301F-11D3-BF4B-00C04F79EFBC}") = "LLGameStudio", "LLGameStudio\LLGameStudio.csproj", "{D3302FB9-7508-459D-9041-C98C90FA830F}"
EndProject
Project("{8BC9CEB8-8B4A-11D0-8D11-00A0C91BC942}") = "LLGameEngine", "LLGameEngine\LLGameEngine.vcxproj", "{9A090C07-6448-4E6F-8DD5-370A7DB98005}"
EndProject
Global
	GlobalSection(SolutionConfigurationPlatforms) = preSolution
		Debug|Any CPU = Debug|Any CPU
		Debug|x64 = Debug|x64
		Debug|x86 = Debug|x86
		Release|Any CPU = Release|Any CPU
		Release|x64 = Release|x64
		Release|x86 = Release|x86
	EndGlobalSection
	GlobalSection(ProjectConfigurationPlatforms) = postSolution
		{D3302FB9-7508-459D-9041-C98C90FA830F}.Debug|Any CPU.ActiveCfg = Debug|Any CPU
		{D3302FB9-7508-459D-9041-C98C90FA830F}.Debug|Any CPU.Build.0 = Debug|Any CPU
		{D3302FB9-7508-459D-9041-C98C90FA830F}.Debug|x64.ActiveCfg = Debug|Any CPU
		{D3302FB9-7508-459D-9041-C98C90FA830F}.Debug|x64.Build.0 = Debug|Any CPU
		{D3302FB9-7508-459D-9041-C98C90FA830F}.Debug|x86.ActiveCfg = Debug|Any CPU
		{D3302FB9-7508-459D-9041-C98C90FA830F}.Debug|x86.Build.0 = Debug|Any CPU
		{D3302FB9-7508-459D-9041-C98C90FA830F}.Release|Any CPU.ActiveCfg = Release|Any CPU
		{D3302FB9-7508-459D-9041-C98C90FA830F}.Release|Any CPU.Build.0 = Release|Any CPU
		{D3302FB9-7508-459D-9041-C98C90FA830F}.Release|x64.ActiveCfg = Release|Any CPU
		{D3302FB9-7508-459D-9041-C98C90FA830F}.Release|x64.Build.0 = Release|Any CPU
		{D3302FB9-7508-459D-9041-C98C90FA830F}.Release|x86.ActiveCfg = Release|Any CPU
		{D3302FB9-7508-459D-9041-C98C90FA830F}.Release|x86.Build.0 = Release|Any CPU
		{9A090C07-6448-4E6F-8DD5-370A7DB98005}.Debug|Any CPU.ActiveCfg = Debug|Win32
		{9A090C07-6448-4E6F-8DD5-370A7DB98005}.Debug|x64.ActiveCfg = Debug|x64
		{9A090C07-6448-4E6F-8DD5-370A7DB98005}.Debug|x64.Build.0 = Debug|x64
		{9A090C07-6448-4E6F-8DD5-370A7DB98005}.Debug|x86.ActiveCfg = Debug|Win32
		{9A090C07-6448-4E6F-8DD5-370A7DB98005}.Debug|x86.Build.0 = Debug|Win32
		{9A090C07-6448-4E6F-8DD5-370A7DB98005}.Release|Any CPU.ActiveCfg = Release|Win32
		{9A090C07-6448-4E6F-8DD5-370A7DB98005}.Release|x64.ActiveCfg = Release|x64
		{9A090C07-6448-4E6F-8DD5-370A7DB98005}.Release|x64.Build.0 = Release|x64
		{9A090C07-6448-4E6F-8DD5-370A7DB98005}.Release|x86.ActiveCfg = Release|Win32
		{9A090C07-6448-4E6F-8DD5-370A7DB98005}.Release|x86.Build.0 = Release|Win32
	EndGlobalSection
	GlobalSection(SolutionProperties) = preSolution
		HideSolutionNode = FALSE
	EndGlobalSection
	GlobalSection(ExtensibilityGlobals) = postSolution
		SolutionGuid = {6CAAC0B5-2471-45C5-8C54-3E676180C7E9}
	EndGlobalSection
EndGlobal
